
Microsoft Visual Studio Solution File, Format Version 12.00
# Visual Studio Version 17
VisualStudioVersion = 17.4.33213.308
MinimumVisualStudioVersion = 10.0.40219.1
Project("{FAE04EC0-301F-11D3-BF4B-00C04F79EFBC}") = "G201210020", "YazOdeviDeneme2\G201210020.csproj", "{2A8B41CE-FBD2-4550-83BB-052B82624D41}"
EndProject
Global
	GlobalSection(SolutionConfigurationPlatforms) = preSolution
		Debug|Any CPU = Debug|Any CPU
		Release|Any CPU = Release|Any CPU
	EndGlobalSection
	GlobalSection(ProjectConfigurationPlatforms) = postSolution
		{2A8B41CE-FBD2-4550-83BB-052B82624D41}.Debug|Any CPU.ActiveCfg = Debug|Any CPU
		{2A8B41CE-FBD2-4550-83BB-052B82624D41}.Debug|Any CPU.Build.0 = Debug|Any CPU
		{2A8B41CE-FBD2-4550-83BB-052B82624D41}.Release|Any CPU.ActiveCfg = Release|Any CPU
		{2A8B41CE-FBD2-4550-83BB-052B82624D41}.Release|Any CPU.Build.0 = Release|Any CPU
	EndGlobalSection
	GlobalSection(SolutionProperties) = preSolution
		HideSolutionNode = FALSE
	EndGlobalSection
	GlobalSection(ExtensibilityGlobals) = postSolution
		SolutionGuid = {5E67693E-DA5F-4806-97FD-70B7761048F6}
	EndGlobalSection
EndGlobal
